// !$*UTF8*$!
{
	archiveVersion = 1;
	classes = {
	};
	objectVersion = 50;
	objects = {

/* Begin PBXBuildFile section */
		D9526E44239E8E5D003B281C /* AppDelegate.swift in Sources */ = {isa = PBXBuildFile; fileRef = D9526E43239E8E5D003B281C /* AppDelegate.swift */; };
		D9526E46239E8E5D003B281C /* SceneDelegate.swift in Sources */ = {isa = PBXBuildFile; fileRef = D9526E45239E8E5D003B281C /* SceneDelegate.swift */; };
		D9526E48239E8E5D003B281C /* ViewController.swift in Sources */ = {isa = PBXBuildFile; fileRef = D9526E47239E8E5D003B281C /* ViewController.swift */; };
		D9526E4B239E8E5D003B281C /* Main.storyboard in Resources */ = {isa = PBXBuildFile; fileRef = D9526E49239E8E5D003B281C /* Main.storyboard */; };
		D9526E4D239E8E5D003B281C /* Assets.xcassets in Resources */ = {isa = PBXBuildFile; fileRef = D9526E4C239E8E5D003B281C /* Assets.xcassets */; };
		D9526E50239E8E5D003B281C /* LaunchScreen.storyboard in Resources */ = {isa = PBXBuildFile; fileRef = D9526E4E239E8E5D003B281C /* LaunchScreen.storyboard */; };
		D9526E5B239E8E5E003B281C /* Aston_CourseworkTests.swift in Sources */ = {isa = PBXBuildFile; fileRef = D9526E5A239E8E5E003B281C /* Aston_CourseworkTests.swift */; };
		D9526E66239E8E5E003B281C /* Aston_CourseworkUITests.swift in Sources */ = {isa = PBXBuildFile; fileRef = D9526E65239E8E5E003B281C /* Aston_CourseworkUITests.swift */; };
		D9526E74239E9956003B281C /* images in Resources */ = {isa = PBXBuildFile; fileRef = D9526E73239E9956003B281C /* images */; };
/* End PBXBuildFile section */

/* Begin PBXContainerItemProxy section */
		D9526E57239E8E5E003B281C /* PBXContainerItemProxy */ = {
			isa = PBXContainerItemProxy;
			containerPortal = D9526E38239E8E5D003B281C /* Project object */;
			proxyType = 1;
			remoteGlobalIDString = D9526E3F239E8E5D003B281C;
			remoteInfo = "Aston-Coursework";
		};
		D9526E62239E8E5E003B281C /* PBXContainerItemProxy */ = {
			isa = PBXContainerItemProxy;
			containerPortal = D9526E38239E8E5D003B281C /* Project object */;
			proxyType = 1;
			remoteGlobalIDString = D9526E3F239E8E5D003B281C;
			remoteInfo = "Aston-Coursework";
		};
/* End PBXContainerItemProxy section */

/* Begin PBXFileReference section */
		D9526E40239E8E5D003B281C /* Aston-Coursework.app */ = {isa = PBXFileReference; explicitFileType = wrapper.application; includeInIndex = 0; path = "Aston-Coursework.app"; sourceTree = BUILT_PRODUCTS_DIR; };
		D9526E43239E8E5D003B281C /* AppDelegate.swift */ = {isa = PBXFileReference; lastKnownFileType = sourcecode.swift; path = AppDelegate.swift; sourceTree = "<group>"; };
		D9526E45239E8E5D003B281C /* SceneDelegate.swift */ = {isa = PBXFileReference; lastKnownFileType = sourcecode.swift; path = SceneDelegate.swift; sourceTree = "<group>"; };
		D9526E47239E8E5D003B281C /* ViewController.swift */ = {isa = PBXFileReference; lastKnownFileType = sourcecode.swift; path = ViewController.swift; sourceTree = "<group>"; };
		D9526E4A239E8E5D003B281C /* Base */ = {isa = PBXFileReference; lastKnownFileType = file.storyboard; name = Base; path = Base.lproj/Main.storyboard; sourceTree = "<group>"; };
		D9526E4C239E8E5D003B281C /* Assets.xcassets */ = {isa = PBXFileReference; lastKnownFileType = folder.assetcatalog; path = Assets.xcassets; sourceTree = "<group>"; };
		D9526E4F239E8E5D003B281C /* Base */ = {isa = PBXFileReference; lastKnownFileType = file.storyboard; name = Base; path = Base.lproj/LaunchScreen.storyboard; sourceTree = "<group>"; };
		D9526E51239E8E5D003B281C /* Info.plist */ = {isa = PBXFileReference; lastKnownFileType = text.plist.xml; path = Info.plist; sourceTree = "<group>"; };
		D9526E56239E8E5E003B281C /* Aston-CourseworkTests.xctest */ = {isa = PBXFileReference; explicitFileType = wrapper.cfbundle; includeInIndex = 0; path = "Aston-CourseworkTests.xctest"; sourceTree = BUILT_PRODUCTS_DIR; };
		D9526E5A239E8E5E003B281C /* Aston_CourseworkTests.swift */ = {isa = PBXFileReference; lastKnownFileType = sourcecode.swift; path = Aston_CourseworkTests.swift; sourceTree = "<group>"; };
		D9526E5C239E8E5E003B281C /* Info.plist */ = {isa = PBXFileReference; lastKnownFileType = text.plist.xml; path = Info.plist; sourceTree = "<group>"; };
		D9526E61239E8E5E003B281C /* Aston-CourseworkUITests.xctest */ = {isa = PBXFileReference; explicitFileType = wrapper.cfbundle; includeInIndex = 0; path = "Aston-CourseworkUITests.xctest"; sourceTree = BUILT_PRODUCTS_DIR; };
		D9526E65239E8E5E003B281C /* Aston_CourseworkUITests.swift */ = {isa = PBXFileReference; lastKnownFileType = sourcecode.swift; path = Aston_CourseworkUITests.swift; sourceTree = "<group>"; };
		D9526E67239E8E5E003B281C /* Info.plist */ = {isa = PBXFileReference; lastKnownFileType = text.plist.xml; path = Info.plist; sourceTree = "<group>"; };
		D9526E73239E9956003B281C /* images */ = {isa = PBXFileReference; fileEncoding = 4; lastKnownFileType = text; path = images; sourceTree = SOURCE_ROOT; };
/* End PBXFileReference section */

/* Begin PBXFrameworksBuildPhase section */
		D9526E3D239E8E5D003B281C /* Frameworks */ = {
			isa = PBXFrameworksBuildPhase;
			buildActionMask = 2147483647;
			files = (
			);
			runOnlyForDeploymentPostprocessing = 0;
		};
		D9526E53239E8E5E003B281C /* Frameworks */ = {
			isa = PBXFrameworksBuildPhase;
			buildActionMask = 2147483647;
			files = (
			);
			runOnlyForDeploymentPostprocessing = 0;
		};
		D9526E5E239E8E5E003B281C /* Frameworks */ = {
			isa = PBXFrameworksBuildPhase;
			buildActionMask = 2147483647;
			files = (
			);
			runOnlyForDeploymentPostprocessing = 0;
		};
/* End PBXFrameworksBuildPhase section */

/* Begin PBXGroup section */
		D9526E37239E8E5D003B281C = {
			isa = PBXGroup;
			children = (
				D9526E42239E8E5D003B281C /* Aston-Coursework */,
				D9526E59239E8E5E003B281C /* Aston-CourseworkTests */,
				D9526E64239E8E5E003B281C /* Aston-CourseworkUITests */,
				D9526E41239E8E5D003B281C /* Products */,
			);
			sourceTree = "<group>";
		};
		D9526E41239E8E5D003B281C /* Products */ = {
			isa = PBXGroup;
			children = (
				D9526E40239E8E5D003B281C /* Aston-Coursework.app */,
				D9526E56239E8E5E003B281C /* Aston-CourseworkTests.xctest */,
				D9526E61239E8E5E003B281C /* Aston-CourseworkUITests.xctest */,
			);
			name = Products;
			sourceTree = "<group>";
		};
		D9526E42239E8E5D003B281C /* Aston-Coursework */ = {
			isa = PBXGroup;
			children = (
				D9526E43239E8E5D003B281C /* AppDelegate.swift */,
				D9526E45239E8E5D003B281C /* SceneDelegate.swift */,
				D9526E47239E8E5D003B281C /* ViewController.swift */,
				D9526E49239E8E5D003B281C /* Main.storyboard */,
				D9526E73239E9956003B281C /* images */,
				D9526E4C239E8E5D003B281C /* Assets.xcassets */,
				D9526E4E239E8E5D003B281C /* LaunchScreen.storyboard */,
				D9526E51239E8E5D003B281C /* Info.plist */,
			);
			path = "Aston-Coursework";
			sourceTree = "<group>";
		};
		D9526E59239E8E5E003B281C /* Aston-CourseworkTests */ = {
			isa = PBXGroup;
			children = (
				D9526E5A239E8E5E003B281C /* Aston_CourseworkTests.swift */,
				D9526E5C239E8E5E003B281C /* Info.plist */,
			);
			path = "Aston-CourseworkTests";
			sourceTree = "<group>";
		};
		D9526E64239E8E5E003B281C /* Aston-CourseworkUITests */ = {
			isa = PBXGroup;
			children = (
				D9526E65239E8E5E003B281C /* Aston_CourseworkUITests.swift */,
				D9526E67239E8E5E003B281C /* Info.plist */,
			);
			path = "Aston-CourseworkUITests";
			sourceTree = "<group>";
		};
/* End PBXGroup section */

/* Begin PBXNativeTarget section */
		D9526E3F239E8E5D003B281C /* Aston-Coursework */ = {
			isa = PBXNativeTarget;
			buildConfigurationList = D9526E6A239E8E5E003B281C /* Build configuration list for PBXNativeTarget "Aston-Coursework" */;
			buildPhases = (
				D9526E3C239E8E5D003B281C /* Sources */,
				D9526E3D239E8E5D003B281C /* Frameworks */,
				D9526E3E239E8E5D003B281C /* Resources */,
			);
			buildRules = (
			);
			dependencies = (
			);
			name = "Aston-Coursework";
			productName = "Aston-Coursework";
			productReference = D9526E40239E8E5D003B281C /* Aston-Coursework.app */;
			productType = "com.apple.product-type.application";
		};
		D9526E55239E8E5E003B281C /* Aston-CourseworkTests */ = {
			isa = PBXNativeTarget;
			buildConfigurationList = D9526E6D239E8E5E003B281C /* Build configuration list for PBXNativeTarget "Aston-CourseworkTests" */;
			buildPhases = (
				D9526E52239E8E5E003B281C /* Sources */,
				D9526E53239E8E5E003B281C /* Frameworks */,
				D9526E54239E8E5E003B281C /* Resources */,
			);
			buildRules = (
			);
			dependencies = (
				D9526E58239E8E5E003B281C /* PBXTargetDependency */,
			);
			name = "Aston-CourseworkTests";
			productName = "Aston-CourseworkTests";
			productReference = D9526E56239E8E5E003B281C /* Aston-CourseworkTests.xctest */;
			productType = "com.apple.product-type.bundle.unit-test";
		};
		D9526E60239E8E5E003B281C /* Aston-CourseworkUITests */ = {
			isa = PBXNativeTarget;
			buildConfigurationList = D9526E70239E8E5E003B281C /* Build configuration list for PBXNativeTarget "Aston-CourseworkUITests" */;
			buildPhases = (
				D9526E5D239E8E5E003B281C /* Sources */,
				D9526E5E239E8E5E003B281C /* Frameworks */,
				D9526E5F239E8E5E003B281C /* Resources */,
			);
			buildRules = (
			);
			dependencies = (
				D9526E63239E8E5E003B281C /* PBXTargetDependency */,
			);
			name = "Aston-CourseworkUITests";
			productName = "Aston-CourseworkUITests";
			productReference = D9526E61239E8E5E003B281C /* Aston-CourseworkUITests.xctest */;
			productType = "com.apple.product-type.bundle.ui-testing";
		};
/* End PBXNativeTarget section */

/* Begin PBXProject section */
		D9526E38239E8E5D003B281C /* Project object */ = {
			isa = PBXProject;
			attributes = {
				LastSwiftUpdateCheck = 1110;
				LastUpgradeCheck = 1110;
				ORGANIZATIONNAME = 16052488;
				TargetAttributes = {
					D9526E3F239E8E5D003B281C = {
						CreatedOnToolsVersion = 11.1;
					};
					D9526E55239E8E5E003B281C = {
						CreatedOnToolsVersion = 11.1;
						TestTargetID = D9526E3F239E8E5D003B281C;
					};
					D9526E60239E8E5E003B281C = {
						CreatedOnToolsVersion = 11.1;
						TestTargetID = D9526E3F239E8E5D003B281C;
					};
				};
			};
			buildConfigurationList = D9526E3B239E8E5D003B281C /* Build configuration list for PBXProject "Aston-Coursework" */;
			compatibilityVersion = "Xcode 9.3";
			developmentRegion = en;
			hasScannedForEncodings = 0;
			knownRegions = (
				en,
				Base,
			);
			mainGroup = D9526E37239E8E5D003B281C;
			productRefGroup = D9526E41239E8E5D003B281C /* Products */;
			projectDirPath = "";
			projectRoot = "";
			targets = (
				D9526E3F239E8E5D003B281C /* Aston-Coursework */,
				D9526E55239E8E5E003B281C /* Aston-CourseworkTests */,
				D9526E60239E8E5E003B281C /* Aston-CourseworkUITests */,
			);
		};
/* End PBXProject section */

/* Begin PBXResourcesBuildPhase section */
		D9526E3E239E8E5D003B281C /* Resources */ = {
			isa = PBXResourcesBuildPhase;
			buildActionMask = 2147483647;
			files = (
				D9526E74239E9956003B281C /* images in Resources */,
				D9526E50239E8E5D003B281C /* LaunchScreen.storyboard in Resources */,
				D9526E4D239E8E5D003B281C /* Assets.xcassets in Resources */,
				D9526E4B239E8E5D003B281C /* Main.storyboard in Resources */,
			);
			runOnlyForDeploymentPostprocessing = 0;
		};
		D9526E54239E8E5E003B281C /* Resources */ = {
			isa = PBXResourcesBuildPhase;
			buildActionMask = 2147483647;
			files = (
			);
			runOnlyForDeploymentPostprocessing = 0;
		};
		D9526E5F239E8E5E003B281C /* Resources */ = {
			isa = PBXResourcesBuildPhase;
			buildActionMask = 2147483647;
			files = (
			);
			runOnlyForDeploymentPostprocessing = 0;
		};
/* End PBXResourcesBuildPhase section */

/* Begin PBXSourcesBuildPhase section */
		D9526E3C239E8E5D003B281C /* Sources */ = {
			isa = PBXSourcesBuildPhase;
			buildActionMask = 2147483647;
			files = (
				D9526E48239E8E5D003B281C /* ViewController.swift in Sources */,
				D9526E44239E8E5D003B281C /* AppDelegate.swift in Sources */,
				D9526E46239E8E5D003B281C /* SceneDelegate.swift in Sources */,
			);
			runOnlyForDeploymentPostprocessing = 0;
		};
		D9526E52239E8E5E003B281C /* Sources */ = {
			isa = PBXSourcesBuildPhase;
			buildActionMask = 2147483647;
			files = (
				D9526E5B239E8E5E003B281C /* Aston_CourseworkTests.swift in Sources */,
			);
			runOnlyForDeploymentPostprocessing = 0;
		};
		D9526E5D239E8E5E003B281C /* Sources */ = {
			isa = PBXSourcesBuildPhase;
			buildActionMask = 2147483647;
			files = (
				D9526E66239E8E5E003B281C /* Aston_CourseworkUITests.swift in Sources */,
			);
			runOnlyForDeploymentPostprocessing = 0;
		};
/* End PBXSourcesBuildPhase section */

/* Begin PBXTargetDependency section */
		D9526E58239E8E5E003B281C /* PBXTargetDependency */ = {
			isa = PBXTargetDependency;
			target = D9526E3F239E8E5D003B281C /* Aston-Coursework */;
			targetProxy = D9526E57239E8E5E003B281C /* PBXContainerItemProxy */;
		};
		D9526E63239E8E5E003B281C /* PBXTargetDependency */ = {
			isa = PBXTargetDependency;
			target = D9526E3F239E8E5D003B281C /* Aston-Coursework */;
			targetProxy = D9526E62239E8E5E003B281C /* PBXContainerItemProxy */;
		};
/* End PBXTargetDependency section */

/* Begin PBXVariantGroup section */
		D9526E49239E8E5D003B281C /* Main.storyboard */ = {
			isa = PBXVariantGroup;
			children = (
				D9526E4A239E8E5D003B281C /* Base */,
			);
			name = Main.storyboard;
			sourceTree = "<group>";
		};
		D9526E4E239E8E5D003B281C /* LaunchScreen.storyboard */ = {
			isa = PBXVariantGroup;
			children = (
				D9526E4F239E8E5D003B281C /* Base */,
			);
			name = LaunchScreen.storyboard;
			sourceTree = "<group>";
		};
/* End PBXVariantGroup section */

/* Begin XCBuildConfiguration section */
		D9526E68239E8E5E003B281C /* Debug */ = {
			isa = XCBuildConfiguration;
			buildSettings = {
				ALWAYS_SEARCH_USER_PATHS = NO;
				CLANG_ANALYZER_NONNULL = YES;
				CLANG_ANALYZER_NUMBER_OBJECT_CONVERSION = YES_AGGRESSIVE;
				CLANG_CXX_LANGUAGE_STANDARD = "gnu++14";
				CLANG_CXX_LIBRARY = "libc++";
				CLANG_ENABLE_MODULES = YES;
				CLANG_ENABLE_OBJC_ARC = YES;
				CLANG_ENABLE_OBJC_WEAK = YES;
				CLANG_WARN_BLOCK_CAPTURE_AUTORELEASING = YES;
				CLANG_WARN_BOOL_CONVERSION = YES;
				CLANG_WARN_COMMA = YES;
				CLANG_WARN_CONSTANT_CONVERSION = YES;
				CLANG_WARN_DEPRECATED_OBJC_IMPLEMENTATIONS = YES;
				CLANG_WARN_DIRECT_OBJC_ISA_USAGE = YES_ERROR;
				CLANG_WARN_DOCUMENTATION_COMMENTS = YES;
				CLANG_WARN_EMPTY_BODY = YES;
				CLANG_WARN_ENUM_CONVERSION = YES;
				CLANG_WARN_INFINITE_RECURSION = YES;
				CLANG_WARN_INT_CONVERSION = YES;
				CLANG_WARN_NON_LITERAL_NULL_CONVERSION = YES;
				CLANG_WARN_OBJC_IMPLICIT_RETAIN_SELF = YES;
				CLANG_WARN_OBJC_LITERAL_CONVERSION = YES;
				CLANG_WARN_OBJC_ROOT_CLASS = YES_ERROR;
				CLANG_WARN_RANGE_LOOP_ANALYSIS = YES;
				CLANG_WARN_STRICT_PROTOTYPES = YES;
				CLANG_WARN_SUSPICIOUS_MOVE = YES;
				CLANG_WARN_UNGUARDED_AVAILABILITY = YES_AGGRESSIVE;
				CLANG_WARN_UNREACHABLE_CODE = YES;
				CLANG_WARN__DUPLICATE_METHOD_MATCH = YES;
				COPY_PHASE_STRIP = NO;
				DEBUG_INFORMATION_FORMAT = dwarf;
				ENABLE_STRICT_OBJC_MSGSEND = YES;
				ENABLE_TESTABILITY = YES;
				GCC_C_LANGUAGE_STANDARD = gnu11;
				GCC_DYNAMIC_NO_PIC = NO;
				GCC_NO_COMMON_BLOCKS = YES;
				GCC_OPTIMIZATION_LEVEL = 0;
				GCC_PREPROCESSOR_DEFINITIONS = (
					"DEBUG=1",
					"$(inherited)",
				);
				GCC_WARN_64_TO_32_BIT_CONVERSION = YES;
				GCC_WARN_ABOUT_RETURN_TYPE = YES_ERROR;
				GCC_WARN_UNDECLARED_SELECTOR = YES;
				GCC_WARN_UNINITIALIZED_AUTOS = YES_AGGRESSIVE;
				GCC_WARN_UNUSED_FUNCTION = YES;
				GCC_WARN_UNUSED_VARIABLE = YES;
				IPHONEOS_DEPLOYMENT_TARGET = 13.1;
				MTL_ENABLE_DEBUG_INFO = INCLUDE_SOURCE;
				MTL_FAST_MATH = YES;
				ONLY_ACTIVE_ARCH = YES;
				SDKROOT = iphoneos;
				SWIFT_ACTIVE_COMPILATION_CONDITIONS = DEBUG;
				SWIFT_OPTIMIZATION_LEVEL = "-Onone";
			};
			name = Debug;
		};
		D9526E69239E8E5E003B281C /* Release */ = {
			isa = XCBuildConfiguration;
			buildSettings = {
				ALWAYS_SEARCH_USER_PATHS = NO;
				CLANG_ANALYZER_NONNULL = YES;
				CLANG_ANALYZER_NUMBER_OBJECT_CONVERSION = YES_AGGRESSIVE;
				CLANG_CXX_LANGUAGE_STANDARD = "gnu++14";
				CLANG_CXX_LIBRARY = "libc++";
				CLANG_ENABLE_MODULES = YES;
				CLANG_ENABLE_OBJC_ARC = YES;
				CLANG_ENABLE_OBJC_WEAK = YES;
				CLANG_WARN_BLOCK_CAPTURE_AUTORELEASING = YES;
				CLANG_WARN_BOOL_CONVERSION = YES;
				CLANG_WARN_COMMA = YES;
				CLANG_WARN_CONSTANT_CONVERSION = YES;
				CLANG_WARN_DEPRECATED_OBJC_IMPLEMENTATIONS = YES;
				CLANG_WARN_DIRECT_OBJC_ISA_USAGE = YES_ERROR;
				CLANG_WARN_DOCUMENTATION_COMMENTS = YES;
				CLANG_WARN_EMPTY_BODY = YES;
				CLANG_WARN_ENUM_CONVERSION = YES;
				CLANG_WARN_INFINITE_RECURSION = YES;
				CLANG_WARN_INT_CONVERSION = YES;
				CLANG_WARN_NON_LITERAL_NULL_CONVERSION = YES;
				CLANG_WARN_OBJC_IMPLICIT_RETAIN_SELF = YES;
				CLANG_WARN_OBJC_LITERAL_CONVERSION = YES;
				CLANG_WARN_OBJC_ROOT_CLASS = YES_ERROR;
				CLANG_WARN_RANGE_LOOP_ANALYSIS = YES;
				CLANG_WARN_STRICT_PROTOTYPES = YES;
				CLANG_WARN_SUSPICIOUS_MOVE = YES;
				CLANG_WARN_UNGUARDED_AVAILABILITY = YES_AGGRESSIVE;
				CLANG_WARN_UNREACHABLE_CODE = YES;
				CLANG_WARN__DUPLICATE_METHOD_MATCH = YES;
				COPY_PHASE_STRIP = NO;
				DEBUG_INFORMATION_FORMAT = "dwarf-with-dsym";
				ENABLE_NS_ASSERTIONS = NO;
				ENABLE_STRICT_OBJC_MSGSEND = YES;
				GCC_C_LANGUAGE_STANDARD = gnu11;
				GCC_NO_COMMON_BLOCKS = YES;
				GCC_WARN_64_TO_32_BIT_CONVERSION = YES;
				GCC_WARN_ABOUT_RETURN_TYPE = YES_ERROR;
				GCC_WARN_UNDECLARED_SELECTOR = YES;
				GCC_WARN_UNINITIALIZED_AUTOS = YES_AGGRESSIVE;
				GCC_WARN_UNUSED_FUNCTION = YES;
				GCC_WARN_UNUSED_VARIABLE = YES;
				IPHONEOS_DEPLOYMENT_TARGET = 13.1;
				MTL_ENABLE_DEBUG_INFO = NO;
				MTL_FAST_MATH = YES;
				SDKROOT = iphoneos;
				SWIFT_COMPILATION_MODE = wholemodule;
				SWIFT_OPTIMIZATION_LEVEL = "-O";
				VALIDATE_PRODUCT = YES;
			};
			name = Release;
		};
		D9526E6B239E8E5E003B281C /* Debug */ = {
			isa = XCBuildConfiguration;
			buildSettings = {
				ASSETCATALOG_COMPILER_APPICON_NAME = AppIcon;
				CODE_SIGN_STYLE = Automatic;
				INFOPLIST_FILE = "Aston-Coursework/Info.plist";
				LD_RUNPATH_SEARCH_PATHS = (
					"$(inherited)",
					"@executable_path/Frameworks",
				);
				PRODUCT_BUNDLE_IDENTIFIER = "UH.Aston-Coursework";
				PRODUCT_NAME = "$(TARGET_NAME)";
				SWIFT_VERSION = 5.0;
				TARGETED_DEVICE_FAMILY = "1,2";
			};
			name = Debug;
		};
		D9526E6C239E8E5E003B281C /* Release */ = {
			isa = XCBuildConfiguration;
			buildSettings = {
				ASSETCATALOG_COMPILER_APPICON_NAME = AppIcon;
				CODE_SIGN_STYLE = Automatic;
				INFOPLIST_FILE = "Aston-Coursework/Info.plist";
				LD_RUNPATH_SEARCH_PATHS = (
					"$(inherited)",
					"@executable_path/Frameworks",
				);
				PRODUCT_BUNDLE_IDENTIFIER = "UH.Aston-Coursework";
				PRODUCT_NAME = "$(TARGET_NAME)";
				SWIFT_VERSION = 5.0;
				TARGETED_DEVICE_FAMILY = "1,2";
			};
			name = Release;
		};
		D9526E6E239E8E5E003B281C /* Debug */ = {
			isa = XCBuildConfiguration;
			buildSettings = {
				ALWAYS_EMBED_SWIFT_STANDARD_LIBRARIES = YES;
				BUNDLE_LOADER = "$(TEST_HOST)";
				CODE_SIGN_STYLE = Automatic;
				INFOPLIST_FILE = "Aston-CourseworkTests/Info.plist";
				IPHONEOS_DEPLOYMENT_TARGET = 13.1;
				LD_RUNPATH_SEARCH_PATHS = (
					"$(inherited)",
					"@executable_path/Frameworks",
					"@loader_path/Frameworks",
				);
				PRODUCT_BUNDLE_IDENTIFIER = "UH.Aston-CourseworkTests";
				PRODUCT_NAME = "$(TARGET_NAME)";
				SWIFT_VERSION = 5.0;
				TARGETED_DEVICE_FAMILY = "1,2";
				TEST_HOST = "$(BUILT_PRODUCTS_DIR)/Aston-Coursework.app/Aston-Coursework";
			};
			name = Debug;
		};
		D9526E6F239E8E5E003B281C /* Release */ = {
			isa = XCBuildConfiguration;
			buildSettings = {
				ALWAYS_EMBED_SWIFT_STANDARD_LIBRARIES = YES;
				BUNDLE_LOADER = "$(TEST_HOST)";
				CODE_SIGN_STYLE = Automatic;
				INFOPLIST_FILE = "Aston-CourseworkTests/Info.plist";
				IPHONEOS_DEPLOYMENT_TARGET = 13.1;
				LD_RUNPATH_SEARCH_PATHS = (
					"$(inherited)",
					"@executable_path/Frameworks",
					"@loader_path/Frameworks",
				);
				PRODUCT_BUNDLE_IDENTIFIER = "UH.Aston-CourseworkTests";
				PRODUCT_NAME = "$(TARGET_NAME)";
				SWIFT_VERSION = 5.0;
				TARGETED_DEVICE_FAMILY = "1,2";
				TEST_HOST = "$(BUILT_PRODUCTS_DIR)/Aston-Coursework.app/Aston-Coursework";
			};
			name = Release;
		};
		D9526E71239E8E5E003B281C /* Debug */ = {
			isa = XCBuildConfiguration;
			buildSettings = {
				ALWAYS_EMBED_SWIFT_STANDARD_LIBRARIES = YES;
				CODE_SIGN_STYLE = Automatic;
				INFOPLIST_FILE = "Aston-CourseworkUITests/Info.plist";
				LD_RUNPATH_SEARCH_PATHS = (
					"$(inherited)",
					"@executable_path/Frameworks",
					"@loader_path/Frameworks",
				);
				PRODUCT_BUNDLE_IDENTIFIER = "UH.Aston-CourseworkUITests";
				PRODUCT_NAME = "$(TARGET_NAME)";
				SWIFT_VERSION = 5.0;
				TARGETED_DEVICE_FAMILY = "1,2";
				TEST_TARGET_NAME = "Aston-Coursework";
			};
			name = Debug;
		};
		D9526E72239E8E5E003B281C /* Release */ = {
			isa = XCBuildConfiguration;
			buildSettings = {
				ALWAYS_EMBED_SWIFT_STANDARD_LIBRARIES = YES;
				CODE_SIGN_STYLE = Automatic;
				INFOPLIST_FILE = "Aston-CourseworkUITests/Info.plist";
				LD_RUNPATH_SEARCH_PATHS = (
					"$(inherited)",
					"@executable_path/Frameworks",
					"@loader_path/Frameworks",
				);
				PRODUCT_BUNDLE_IDENTIFIER = "UH.Aston-CourseworkUITests";
				PRODUCT_NAME = "$(TARGET_NAME)";
				SWIFT_VERSION = 5.0;
				TARGETED_DEVICE_FAMILY = "1,2";
				TEST_TARGET_NAME = "Aston-Coursework";
			};
			name = Release;
		};
/* End XCBuildConfiguration section */

/* Begin XCConfigurationList section */
		D9526E3B239E8E5D003B281C /* Build configuration list for PBXProject "Aston-Coursework" */ = {
			isa = XCConfigurationList;
			buildConfigurations = (
				D9526E68239E8E5E003B281C /* Debug */,
				D9526E69239E8E5E003B281C /* Release */,
			);
			defaultConfigurationIsVisible = 0;
			defaultConfigurationName = Release;
		};
		D9526E6A239E8E5E003B281C /* Build configuration list for PBXNativeTarget "Aston-Coursework" */ = {
			isa = XCConfigurationList;
			buildConfigurations = (
				D9526E6B239E8E5E003B281C /* Debug */,
				D9526E6C239E8E5E003B281C /* Release */,
			);
			defaultConfigurationIsVisible = 0;
			defaultConfigurationName = Release;
		};
		D9526E6D239E8E5E003B281C /* Build configuration list for PBXNativeTarget "Aston-CourseworkTests" */ = {
			isa = XCConfigurationList;
			buildConfigurations = (
				D9526E6E239E8E5E003B281C /* Debug */,
				D9526E6F239E8E5E003B281C /* Release */,
			);
			defaultConfigurationIsVisible = 0;
			defaultConfigurationName = Release;
		};
		D9526E70239E8E5E003B281C /* Build configuration list for PBXNativeTarget "Aston-CourseworkUITests" */ = {
			isa = XCConfigurationList;
			buildConfigurations = (
				D9526E71239E8E5E003B281C /* Debug */,
				D9526E72239E8E5E003B281C /* Release */,
			);
			defaultConfigurationIsVisible = 0;
			defaultConfigurationName = Release;
		};
/* End XCConfigurationList section */
	};
	rootObject = D9526E38239E8E5D003B281C /* Project object */;
}
